
Microsoft Visual Studio Solution File, Format Version 12.00
# Visual Studio 15
VisualStudioVersion = 15.0.28307.271
MinimumVisualStudioVersion = 10.0.40219.1
Project("{9A19103F-16F7-4668-BE54-9A1E7A4F7556}") = "CIBAssessment.API", "CIBAssessment\CIBAssessment.API.csproj", "{B822A6EE-AFEF-4330-BFA3-791C18BAF761}"
EndProject
Project("{9A19103F-16F7-4668-BE54-9A1E7A4F7556}") = "CIBAssessment.Data", "CIBAssessment.Data\CIBAssessment.Data.csproj", "{5FE2FC33-3F24-42B1-841F-08664147B1EE}"
EndProject
Project("{9A19103F-16F7-4668-BE54-9A1E7A4F7556}") = "CIBAssessment.Service", "CIBAssessment.Service\CIBAssessment.Service.csproj", "{3078F661-842F-4780-9C66-47673461BE86}"
EndProject
Project("{9A19103F-16F7-4668-BE54-9A1E7A4F7556}") = "CIBAssessment.Common", "CIBAssessment.Common\CIBAssessment.Common.csproj", "{667BA19B-AFB4-492D-B191-E0BAD26BC398}"
EndProject
Project("{FAE04EC0-301F-11D3-BF4B-00C04F79EFBC}") = "CIBAssessment.Tests", "CIBAssessment.Tests\CIBAssessment.Tests.csproj", "{C090561E-3C7C-4CCB-A30D-80BB04F49A44}"
EndProject
Global
	GlobalSection(SolutionConfigurationPlatforms) = preSolution
		Debug|Any CPU = Debug|Any CPU
		Release|Any CPU = Release|Any CPU
	EndGlobalSection
	GlobalSection(ProjectConfigurationPlatforms) = postSolution
		{B822A6EE-AFEF-4330-BFA3-791C18BAF761}.Debug|Any CPU.ActiveCfg = Debug|Any CPU
		{B822A6EE-AFEF-4330-BFA3-791C18BAF761}.Debug|Any CPU.Build.0 = Debug|Any CPU
		{B822A6EE-AFEF-4330-BFA3-791C18BAF761}.Release|Any CPU.ActiveCfg = Release|Any CPU
		{B822A6EE-AFEF-4330-BFA3-791C18BAF761}.Release|Any CPU.Build.0 = Release|Any CPU
		{5FE2FC33-3F24-42B1-841F-08664147B1EE}.Debug|Any CPU.ActiveCfg = Debug|Any CPU
		{5FE2FC33-3F24-42B1-841F-08664147B1EE}.Debug|Any CPU.Build.0 = Debug|Any CPU
		{5FE2FC33-3F24-42B1-841F-08664147B1EE}.Release|Any CPU.ActiveCfg = Release|Any CPU
		{5FE2FC33-3F24-42B1-841F-08664147B1EE}.Release|Any CPU.Build.0 = Release|Any CPU
		{3078F661-842F-4780-9C66-47673461BE86}.Debug|Any CPU.ActiveCfg = Debug|Any CPU
		{3078F661-842F-4780-9C66-47673461BE86}.Debug|Any CPU.Build.0 = Debug|Any CPU
		{3078F661-842F-4780-9C66-47673461BE86}.Release|Any CPU.ActiveCfg = Release|Any CPU
		{3078F661-842F-4780-9C66-47673461BE86}.Release|Any CPU.Build.0 = Release|Any CPU
		{667BA19B-AFB4-492D-B191-E0BAD26BC398}.Debug|Any CPU.ActiveCfg = Debug|Any CPU
		{667BA19B-AFB4-492D-B191-E0BAD26BC398}.Debug|Any CPU.Build.0 = Debug|Any CPU
		{667BA19B-AFB4-492D-B191-E0BAD26BC398}.Release|Any CPU.ActiveCfg = Release|Any CPU
		{667BA19B-AFB4-492D-B191-E0BAD26BC398}.Release|Any CPU.Build.0 = Release|Any CPU
		{C090561E-3C7C-4CCB-A30D-80BB04F49A44}.Debug|Any CPU.ActiveCfg = Debug|Any CPU
		{C090561E-3C7C-4CCB-A30D-80BB04F49A44}.Debug|Any CPU.Build.0 = Debug|Any CPU
		{C090561E-3C7C-4CCB-A30D-80BB04F49A44}.Release|Any CPU.ActiveCfg = Release|Any CPU
		{C090561E-3C7C-4CCB-A30D-80BB04F49A44}.Release|Any CPU.Build.0 = Release|Any CPU
	EndGlobalSection
	GlobalSection(SolutionProperties) = preSolution
		HideSolutionNode = FALSE
	EndGlobalSection
	GlobalSection(ExtensibilityGlobals) = postSolution
		SolutionGuid = {B8E4147A-FC24-47B1-9ECA-CE18C3422C62}
	EndGlobalSection
EndGlobal
